
Microsoft Visual Studio Solution File, Format Version 12.00
# Visual Studio Version 17
VisualStudioVersion = 17.7.34031.279
MinimumVisualStudioVersion = 10.0.40219.1
Project("{FAE04EC0-301F-11D3-BF4B-00C04F79EFBC}") = "Advent2", "Advent2\Advent2.csproj", "{6E5E2E61-5330-4D51-8728-E62415C27AE7}"
EndProject
Global
	GlobalSection(SolutionConfigurationPlatforms) = preSolution
		Debug|Any CPU = Debug|Any CPU
		Release|Any CPU = Release|Any CPU
	EndGlobalSection
	GlobalSection(ProjectConfigurationPlatforms) = postSolution
		{6E5E2E61-5330-4D51-8728-E62415C27AE7}.Debug|Any CPU.ActiveCfg = Debug|Any CPU
		{6E5E2E61-5330-4D51-8728-E62415C27AE7}.Debug|Any CPU.Build.0 = Debug|Any CPU
		{6E5E2E61-5330-4D51-8728-E62415C27AE7}.Release|Any CPU.ActiveCfg = Release|Any CPU
		{6E5E2E61-5330-4D51-8728-E62415C27AE7}.Release|Any CPU.Build.0 = Release|Any CPU
	EndGlobalSection
	GlobalSection(SolutionProperties) = preSolution
		HideSolutionNode = FALSE
	EndGlobalSection
	GlobalSection(ExtensibilityGlobals) = postSolution
		SolutionGuid = {E3313972-3C77-40EF-98D4-DFCFC798A637}
	EndGlobalSection
EndGlobal
